
Microsoft Visual Studio Solution File, Format Version 12.00
# Visual Studio Version 16
VisualStudioVersion = 16.0.31702.278
MinimumVisualStudioVersion = 10.0.40219.1
Project("{FAE04EC0-301F-11D3-BF4B-00C04F79EFBC}") = "AtYarisiOyunu", "AtYarisiOyunu\AtYarisiOyunu.csproj", "{A304EF71-F57C-41C1-8606-95E82AAD74B5}"
EndProject
Global
	GlobalSection(SolutionConfigurationPlatforms) = preSolution
		Debug|Any CPU = Debug|Any CPU
		Release|Any CPU = Release|Any CPU
	EndGlobalSection
	GlobalSection(ProjectConfigurationPlatforms) = postSolution
		{A304EF71-F57C-41C1-8606-95E82AAD74B5}.Debug|Any CPU.ActiveCfg = Debug|Any CPU
		{A304EF71-F57C-41C1-8606-95E82AAD74B5}.Debug|Any CPU.Build.0 = Debug|Any CPU
		{A304EF71-F57C-41C1-8606-95E82AAD74B5}.Release|Any CPU.ActiveCfg = Release|Any CPU
		{A304EF71-F57C-41C1-8606-95E82AAD74B5}.Release|Any CPU.Build.0 = Release|Any CPU
	EndGlobalSection
	GlobalSection(SolutionProperties) = preSolution
		HideSolutionNode = FALSE
	EndGlobalSection
	GlobalSection(ExtensibilityGlobals) = postSolution
		SolutionGuid = {D58D0F06-D40F-490C-81CF-C3A7BB977D70}
	EndGlobalSection
EndGlobal
